// !$*UTF8*$!
{
	archiveVersion = 1;
	classes = {
	};
	objectVersion = 46;
	objects = {

/* Begin PBXBuildFile section */
		BF45E1541DEE00C000471F81 /* AppDelegate.swift in Sources */ = {isa = PBXBuildFile; fileRef = BF45E1531DEE00C000471F81 /* AppDelegate.swift */; };
		BF45E1561DEE00C000471F81 /* ViewController.swift in Sources */ = {isa = PBXBuildFile; fileRef = BF45E1551DEE00C000471F81 /* ViewController.swift */; };
		BF45E1591DEE00C000471F81 /* Main.storyboard in Resources */ = {isa = PBXBuildFile; fileRef = BF45E1571DEE00C000471F81 /* Main.storyboard */; };
		BF45E15B1DEE00C000471F81 /* Assets.xcassets in Resources */ = {isa = PBXBuildFile; fileRef = BF45E15A1DEE00C000471F81 /* Assets.xcassets */; };
		BF45E15E1DEE00C000471F81 /* LaunchScreen.storyboard in Resources */ = {isa = PBXBuildFile; fileRef = BF45E15C1DEE00C000471F81 /* LaunchScreen.storyboard */; };
/* End PBXBuildFile section */

/* Begin PBXFileReference section */
		BF45E1501DEE00C000471F81 /* GTNavigationView.app */ = {isa = PBXFileReference; explicitFileType = wrapper.application; includeInIndex = 0; path = GTNavigationView.app; sourceTree = BUILT_PRODUCTS_DIR; };
		BF45E1531DEE00C000471F81 /* AppDelegate.swift */ = {isa = PBXFileReference; lastKnownFileType = sourcecode.swift; path = AppDelegate.swift; sourceTree = "<group>"; };
		BF45E1551DEE00C000471F81 /* ViewController.swift */ = {isa = PBXFileReference; lastKnownFileType = sourcecode.swift; path = ViewController.swift; sourceTree = "<group>"; };
		BF45E1581DEE00C000471F81 /* Base */ = {isa = PBXFileReference; lastKnownFileType = file.storyboard; name = Base; path = Base.lproj/Main.storyboard; sourceTree = "<group>"; };
		BF45E15A1DEE00C000471F81 /* Assets.xcassets */ = {isa = PBXFileReference; lastKnownFileType = folder.assetcatalog; path = Assets.xcassets; sourceTree = "<group>"; };
		BF45E15D1DEE00C000471F81 /* Base */ = {isa = PBXFileReference; lastKnownFileType = file.storyboard; name = Base; path = Base.lproj/LaunchScreen.storyboard; sourceTree = "<group>"; };
		BF45E15F1DEE00C000471F81 /* Info.plist */ = {isa = PBXFileReference; lastKnownFileType = text.plist.xml; path = Info.plist; sourceTree = "<group>"; };
/* End PBXFileReference section */

/* Begin PBXFrameworksBuildPhase section */
		BF45E14D1DEE00C000471F81 /* Frameworks */ = {
			isa = PBXFrameworksBuildPhase;
			buildActionMask = 2147483647;
			files = (
			);
			runOnlyForDeploymentPostprocessing = 0;
		};
/* End PBXFrameworksBuildPhase section */

/* Begin PBXGroup section */
		BF45E1471DEE00C000471F81 = {
			isa = PBXGroup;
			children = (
				BF45E1521DEE00C000471F81 /* GTNavigationView */,
				BF45E1511DEE00C000471F81 /* Products */,
			);
			sourceTree = "<group>";
		};
		BF45E1511DEE00C000471F81 /* Products */ = {
			isa = PBXGroup;
			children = (
				BF45E1501DEE00C000471F81 /* GTNavigationView.app */,
			);
			name = Products;
			sourceTree = "<group>";
		};
		BF45E1521DEE00C000471F81 /* GTNavigationView */ = {
			isa = PBXGroup;
			children = (
				BF45E1531DEE00C000471F81 /* AppDelegate.swift */,
				BF45E1551DEE00C000471F81 /* ViewController.swift */,
				BF45E1571DEE00C000471F81 /* Main.storyboard */,
				BF45E15A1DEE00C000471F81 /* Assets.xcassets */,
				BF45E15C1DEE00C000471F81 /* LaunchScreen.storyboard */,
				BF45E15F1DEE00C000471F81 /* Info.plist */,
			);
			path = GTNavigationView;
			sourceTree = "<group>";
		};
/* End PBXGroup section */

/* Begin PBXNativeTarget section */
		BF45E14F1DEE00C000471F81 /* GTNavigationView */ = {
			isa = PBXNativeTarget;
			buildConfigurationList = BF45E1621DEE00C000471F81 /* Build configuration list for PBXNativeTarget "GTNavigationView" */;
			buildPhases = (
				BF45E14C1DEE00C000471F81 /* Sources */,
				BF45E14D1DEE00C000471F81 /* Frameworks */,
				BF45E14E1DEE00C000471F81 /* Resources */,
			);
			buildRules = (
			);
			dependencies = (
			);
			name = GTNavigationView;
			productName = GTNavigationView;
			productReference = BF45E1501DEE00C000471F81 /* GTNavigationView.app */;
			productType = "com.apple.product-type.application";
		};
/* End PBXNativeTarget section */

/* Begin PBXProject section */
		BF45E1481DEE00C000471F81 /* Project object */ = {
			isa = PBXProject;
			attributes = {
				LastSwiftUpdateCheck = 0810;
				LastUpgradeCheck = 0810;
				ORGANIZATIONNAME = Genetory;
				TargetAttributes = {
					BF45E14F1DEE00C000471F81 = {
						CreatedOnToolsVersion = 8.1;
						DevelopmentTeam = 37X7CDBT8H;
						ProvisioningStyle = Automatic;
					};
				};
			};
			buildConfigurationList = BF45E14B1DEE00C000471F81 /* Build configuration list for PBXProject "GTNavigationView" */;
			compatibilityVersion = "Xcode 3.2";
			developmentRegion = English;
			hasScannedForEncodings = 0;
			knownRegions = (
				en,
				Base,
			);
			mainGroup = BF45E1471DEE00C000471F81;
			productRefGroup = BF45E1511DEE00C000471F81 /* Products */;
			projectDirPath = "";
			projectRoot = "";
			targets = (
				BF45E14F1DEE00C000471F81 /* GTNavigationView */,
			);
		};
/* End PBXProject section */

/* Begin PBXResourcesBuildPhase section */
		BF45E14E1DEE00C000471F81 /* Resources */ = {
			isa = PBXResourcesBuildPhase;
			buildActionMask = 2147483647;
			files = (
				BF45E15E1DEE00C000471F81 /* LaunchScreen.storyboard in Resources */,
				BF45E15B1DEE00C000471F81 /* Assets.xcassets in Resources */,
				BF45E1591DEE00C000471F81 /* Main.storyboard in Resources */,
			);
			runOnlyForDeploymentPostprocessing = 0;
		};
/* End PBXResourcesBuildPhase section */

/* Begin PBXSourcesBuildPhase section */
		BF45E14C1DEE00C000471F81 /* Sources */ = {
			isa = PBXSourcesBuildPhase;
			buildActionMask = 2147483647;
			files = (
				BF45E1561DEE00C000471F81 /* ViewController.swift in Sources */,
				BF45E1541DEE00C000471F81 /* AppDelegate.swift in Sources */,
			);
			runOnlyForDeploymentPostprocessing = 0;
		};
/* End PBXSourcesBuildPhase section */

/* Begin PBXVariantGroup section */
		BF45E1571DEE00C000471F81 /* Main.storyboard */ = {
			isa = PBXVariantGroup;
			children = (
				BF45E1581DEE00C000471F81 /* Base */,
			);
			name = Main.storyboard;
			sourceTree = "<group>";
		};
		BF45E15C1DEE00C000471F81 /* LaunchScreen.storyboard */ = {
			isa = PBXVariantGroup;
			children = (
				BF45E15D1DEE00C000471F81 /* Base */,
			);
			name = LaunchScreen.storyboard;
			sourceTree = "<group>";
		};
/* End PBXVariantGroup section */

/* Begin XCBuildConfiguration section */
		BF45E1601DEE00C000471F81 /* Debug */ = {
			isa = XCBuildConfiguration;
			buildSettings = {
				ALWAYS_SEARCH_USER_PATHS = NO;
				CLANG_ANALYZER_NONNULL = YES;
				CLANG_CXX_LANGUAGE_STANDARD = "gnu++0x";
				CLANG_CXX_LIBRARY = "libc++";
				CLANG_ENABLE_MODULES = YES;
				CLANG_ENABLE_OBJC_ARC = YES;
				CLANG_WARN_BOOL_CONVERSION = YES;
				CLANG_WARN_CONSTANT_CONVERSION = YES;
				CLANG_WARN_DIRECT_OBJC_ISA_USAGE = YES_ERROR;
				CLANG_WARN_DOCUMENTATION_COMMENTS = YES;
				CLANG_WARN_EMPTY_BODY = YES;
				CLANG_WARN_ENUM_CONVERSION = YES;
				CLANG_WARN_INFINITE_RECURSION = YES;
				CLANG_WARN_INT_CONVERSION = YES;
				CLANG_WARN_OBJC_ROOT_CLASS = YES_ERROR;
				CLANG_WARN_SUSPICIOUS_MOVES = YES;
				CLANG_WARN_UNREACHABLE_CODE = YES;
				CLANG_WARN__DUPLICATE_METHOD_MATCH = YES;
				"CODE_SIGN_IDENTITY[sdk=iphoneos*]" = "iPhone Developer";
				COPY_PHASE_STRIP = NO;
				DEBUG_INFORMATION_FORMAT = dwarf;
				ENABLE_STRICT_OBJC_MSGSEND = YES;
				ENABLE_TESTABILITY = YES;
				GCC_C_LANGUAGE_STANDARD = gnu99;
				GCC_DYNAMIC_NO_PIC = NO;
				GCC_NO_COMMON_BLOCKS = YES;
				GCC_OPTIMIZATION_LEVEL = 0;
				GCC_PREPROCESSOR_DEFINITIONS = (
					"DEBUG=1",
					"$(inherited)",
				);
				GCC_WARN_64_TO_32_BIT_CONVERSION = YES;
				GCC_WARN_ABOUT_RETURN_TYPE = YES_ERROR;
				GCC_WARN_UNDECLARED_SELECTOR = YES;
				GCC_WARN_UNINITIALIZED_AUTOS = YES_AGGRESSIVE;
				GCC_WARN_UNUSED_FUNCTION = YES;
				GCC_WARN_UNUSED_VARIABLE = YES;
				IPHONEOS_DEPLOYMENT_TARGET = 10.1;
				MTL_ENABLE_DEBUG_INFO = YES;
				ONLY_ACTIVE_ARCH = YES;
				SDKROOT = iphoneos;
				SWIFT_ACTIVE_COMPILATION_CONDITIONS = DEBUG;
				SWIFT_OPTIMIZATION_LEVEL = "-Onone";
			};
			name = Debug;
		};
		BF45E1611DEE00C000471F81 /* Release */ = {
			isa = XCBuildConfiguration;
			buildSettings = {
				ALWAYS_SEARCH_USER_PATHS = NO;
				CLANG_ANALYZER_NONNULL = YES;
				CLANG_CXX_LANGUAGE_STANDARD = "gnu++0x";
				CLANG_CXX_LIBRARY = "libc++";
				CLANG_ENABLE_MODULES = YES;
				CLANG_ENABLE_OBJC_ARC = YES;
				CLANG_WARN_BOOL_CONVERSION = YES;
				CLANG_WARN_CONSTANT_CONVERSION = YES;
				CLANG_WARN_DIRECT_OBJC_ISA_USAGE = YES_ERROR;
				CLANG_WARN_DOCUMENTATION_COMMENTS = YES;
				CLANG_WARN_EMPTY_BODY = YES;
				CLANG_WARN_ENUM_CONVERSION = YES;
				CLANG_WARN_INFINITE_RECURSION = YES;
				CLANG_WARN_INT_CONVERSION = YES;
				CLANG_WARN_OBJC_ROOT_CLASS = YES_ERROR;
				CLANG_WARN_SUSPICIOUS_MOVES = YES;
				CLANG_WARN_UNREACHABLE_CODE = YES;
				CLANG_WARN__DUPLICATE_METHOD_MATCH = YES;
				"CODE_SIGN_IDENTITY[sdk=iphoneos*]" = "iPhone Developer";
				COPY_PHASE_STRIP = NO;
				DEBUG_INFORMATION_FORMAT = "dwarf-with-dsym";
				ENABLE_NS_ASSERTIONS = NO;
				ENABLE_STRICT_OBJC_MSGSEND = YES;
				GCC_C_LANGUAGE_STANDARD = gnu99;
				GCC_NO_COMMON_BLOCKS = YES;
				GCC_WARN_64_TO_32_BIT_CONVERSION = YES;
				GCC_WARN_ABOUT_RETURN_TYPE = YES_ERROR;
				GCC_WARN_UNDECLARED_SELECTOR = YES;
				GCC_WARN_UNINITIALIZED_AUTOS = YES_AGGRESSIVE;
				GCC_WARN_UNUSED_FUNCTION = YES;
				GCC_WARN_UNUSED_VARIABLE = YES;
				IPHONEOS_DEPLOYMENT_TARGET = 10.1;
				MTL_ENABLE_DEBUG_INFO = NO;
				SDKROOT = iphoneos;
				SWIFT_OPTIMIZATION_LEVEL = "-Owholemodule";
				VALIDATE_PRODUCT = YES;
			};
			name = Release;
		};
		BF45E1631DEE00C000471F81 /* Debug */ = {
			isa = XCBuildConfiguration;
			buildSettings = {
				ASSETCATALOG_COMPILER_APPICON_NAME = AppIcon;
				DEVELOPMENT_TEAM = 37X7CDBT8H;
				INFOPLIST_FILE = GTNavigationView/Info.plist;
				LD_RUNPATH_SEARCH_PATHS = "$(inherited) @executable_path/Frameworks";
				PRODUCT_BUNDLE_IDENTIFIER = com.genetory.GTNavigationView;
				PRODUCT_NAME = "$(TARGET_NAME)";
				SWIFT_VERSION = 3.0;
			};
			name = Debug;
		};
		BF45E1641DEE00C000471F81 /* Release */ = {
			isa = XCBuildConfiguration;
			buildSettings = {
				ASSETCATALOG_COMPILER_APPICON_NAME = AppIcon;
				DEVELOPMENT_TEAM = 37X7CDBT8H;
				INFOPLIST_FILE = GTNavigationView/Info.plist;
				LD_RUNPATH_SEARCH_PATHS = "$(inherited) @executable_path/Frameworks";
				PRODUCT_BUNDLE_IDENTIFIER = com.genetory.GTNavigationView;
				PRODUCT_NAME = "$(TARGET_NAME)";
				SWIFT_VERSION = 3.0;
			};
			name = Release;
		};
/* End XCBuildConfiguration section */

/* Begin XCConfigurationList section */
		BF45E14B1DEE00C000471F81 /* Build configuration list for PBXProject "GTNavigationView" */ = {
			isa = XCConfigurationList;
			buildConfigurations = (
				BF45E1601DEE00C000471F81 /* Debug */,
				BF45E1611DEE00C000471F81 /* Release */,
			);
			defaultConfigurationIsVisible = 0;
			defaultConfigurationName = Release;
		};
		BF45E1621DEE00C000471F81 /* Build configuration list for PBXNativeTarget "GTNavigationView" */ = {
			isa = XCConfigurationList;
			buildConfigurations = (
				BF45E1631DEE00C000471F81 /* Debug */,
				BF45E1641DEE00C000471F81 /* Release */,
			);
			defaultConfigurationIsVisible = 0;
		};
/* End XCConfigurationList section */
	};
	rootObject = BF45E1481DEE00C000471F81 /* Project object */;
}
